
Microsoft Visual Studio Solution File, Format Version 12.00
# Visual Studio Version 17
VisualStudioVersion = 17.5.33530.505
MinimumVisualStudioVersion = 10.0.40219.1
Project("{2150E333-8FDC-42A3-9474-1A3956D46DE8}") = "1", "1", "{B1017C8B-5F94-4D76-9050-B5C7BEF1CF8C}"
EndProject
Project("{2150E333-8FDC-42A3-9474-1A3956D46DE8}") = "2", "2", "{13942FD0-316F-495E-B5FD-8D7B23F1C5E8}"
EndProject
Project("{8BC9CEB8-8B4A-11D0-8D11-00A0C91BC942}") = "2_1", "2_1\2_1.vcxproj", "{1A361B2E-AA38-4F03-A780-C5C207D0C60C}"
EndProject
Project("{8BC9CEB8-8B4A-11D0-8D11-00A0C91BC942}") = "2_2", "2_2\2_2.vcxproj", "{48B21FB7-555B-428C-9062-334A3C61B859}"
EndProject
Project("{8BC9CEB8-8B4A-11D0-8D11-00A0C91BC942}") = "1_1", "1_1\1_1.vcxproj", "{CE16D082-1344-4B73-99BD-E73DF19C88B6}"
EndProject
Project("{8BC9CEB8-8B4A-11D0-8D11-00A0C91BC942}") = "1_2", "1_2\1_2.vcxproj", "{ACDA5FFE-B91B-4978-B124-FD02FBAAFCE3}"
EndProject
Project("{8BC9CEB8-8B4A-11D0-8D11-00A0C91BC942}") = "1_3", "1_3\1_3.vcxproj", "{EE0A8607-8DD6-4FDE-9975-022D6B33BC08}"
EndProject
Project("{2150E333-8FDC-42A3-9474-1A3956D46DE8}") = "3", "3", "{EDCAD325-7325-4670-A73A-490FB05714FB}"
EndProject
Project("{8BC9CEB8-8B4A-11D0-8D11-00A0C91BC942}") = "3_1", "3_1\3_1.vcxproj", "{AD5F5C57-C25A-45F4-A455-DCDDA64D1FDA}"
EndProject
Project("{8BC9CEB8-8B4A-11D0-8D11-00A0C91BC942}") = "3_2", "3_2\3_2.vcxproj", "{5B6F9F4E-8045-4848-91DC-C67DA1AA64C3}"
EndProject
Project("{2150E333-8FDC-42A3-9474-1A3956D46DE8}") = "4", "4", "{A3A86831-0F9C-455A-B185-286B96CCC8FD}"
EndProject
Project("{8BC9CEB8-8B4A-11D0-8D11-00A0C91BC942}") = "4", "4\4.vcxproj", "{71F0356F-23EB-42F0-B675-0643B19827FE}"
EndProject
Global
	GlobalSection(SolutionConfigurationPlatforms) = preSolution
		Debug|x64 = Debug|x64
		Debug|x86 = Debug|x86
		Release|x64 = Release|x64
		Release|x86 = Release|x86
	EndGlobalSection
	GlobalSection(ProjectConfigurationPlatforms) = postSolution
		{1A361B2E-AA38-4F03-A780-C5C207D0C60C}.Debug|x64.ActiveCfg = Debug|x64
		{1A361B2E-AA38-4F03-A780-C5C207D0C60C}.Debug|x64.Build.0 = Debug|x64
		{1A361B2E-AA38-4F03-A780-C5C207D0C60C}.Debug|x86.ActiveCfg = Debug|Win32
		{1A361B2E-AA38-4F03-A780-C5C207D0C60C}.Debug|x86.Build.0 = Debug|Win32
		{1A361B2E-AA38-4F03-A780-C5C207D0C60C}.Release|x64.ActiveCfg = Release|x64
		{1A361B2E-AA38-4F03-A780-C5C207D0C60C}.Release|x64.Build.0 = Release|x64
		{1A361B2E-AA38-4F03-A780-C5C207D0C60C}.Release|x86.ActiveCfg = Release|Win32
		{1A361B2E-AA38-4F03-A780-C5C207D0C60C}.Release|x86.Build.0 = Release|Win32
		{48B21FB7-555B-428C-9062-334A3C61B859}.Debug|x64.ActiveCfg = Debug|x64
		{48B21FB7-555B-428C-9062-334A3C61B859}.Debug|x64.Build.0 = Debug|x64
		{48B21FB7-555B-428C-9062-334A3C61B859}.Debug|x86.ActiveCfg = Debug|Win32
		{48B21FB7-555B-428C-9062-334A3C61B859}.Debug|x86.Build.0 = Debug|Win32
		{48B21FB7-555B-428C-9062-334A3C61B859}.Release|x64.ActiveCfg = Release|x64
		{48B21FB7-555B-428C-9062-334A3C61B859}.Release|x64.Build.0 = Release|x64
		{48B21FB7-555B-428C-9062-334A3C61B859}.Release|x86.ActiveCfg = Release|Win32
		{48B21FB7-555B-428C-9062-334A3C61B859}.Release|x86.Build.0 = Release|Win32
		{CE16D082-1344-4B73-99BD-E73DF19C88B6}.Debug|x64.ActiveCfg = Debug|x64
		{CE16D082-1344-4B73-99BD-E73DF19C88B6}.Debug|x64.Build.0 = Debug|x64
		{CE16D082-1344-4B73-99BD-E73DF19C88B6}.Debug|x86.ActiveCfg = Debug|Win32
		{CE16D082-1344-4B73-99BD-E73DF19C88B6}.Debug|x86.Build.0 = Debug|Win32
		{CE16D082-1344-4B73-99BD-E73DF19C88B6}.Release|x64.ActiveCfg = Release|x64
		{CE16D082-1344-4B73-99BD-E73DF19C88B6}.Release|x64.Build.0 = Release|x64
		{CE16D082-1344-4B73-99BD-E73DF19C88B6}.Release|x86.ActiveCfg = Release|Win32
		{CE16D082-1344-4B73-99BD-E73DF19C88B6}.Release|x86.Build.0 = Release|Win32
		{ACDA5FFE-B91B-4978-B124-FD02FBAAFCE3}.Debug|x64.ActiveCfg = Debug|x64
		{ACDA5FFE-B91B-4978-B124-FD02FBAAFCE3}.Debug|x64.Build.0 = Debug|x64
		{ACDA5FFE-B91B-4978-B124-FD02FBAAFCE3}.Debug|x86.ActiveCfg = Debug|Win32
		{ACDA5FFE-B91B-4978-B124-FD02FBAAFCE3}.Debug|x86.Build.0 = Debug|Win32
		{ACDA5FFE-B91B-4978-B124-FD02FBAAFCE3}.Release|x64.ActiveCfg = Release|x64
		{ACDA5FFE-B91B-4978-B124-FD02FBAAFCE3}.Release|x64.Build.0 = Release|x64
		{ACDA5FFE-B91B-4978-B124-FD02FBAAFCE3}.Release|x86.ActiveCfg = Release|Win32
		{ACDA5FFE-B91B-4978-B124-FD02FBAAFCE3}.Release|x86.Build.0 = Release|Win32
		{EE0A8607-8DD6-4FDE-9975-022D6B33BC08}.Debug|x64.ActiveCfg = Debug|x64
		{EE0A8607-8DD6-4FDE-9975-022D6B33BC08}.Debug|x64.Build.0 = Debug|x64
		{EE0A8607-8DD6-4FDE-9975-022D6B33BC08}.Debug|x86.ActiveCfg = Debug|Win32
		{EE0A8607-8DD6-4FDE-9975-022D6B33BC08}.Debug|x86.Build.0 = Debug|Win32
		{EE0A8607-8DD6-4FDE-9975-022D6B33BC08}.Release|x64.ActiveCfg = Release|x64
		{EE0A8607-8DD6-4FDE-9975-022D6B33BC08}.Release|x64.Build.0 = Release|x64
		{EE0A8607-8DD6-4FDE-9975-022D6B33BC08}.Release|x86.ActiveCfg = Release|Win32
		{EE0A8607-8DD6-4FDE-9975-022D6B33BC08}.Release|x86.Build.0 = Release|Win32
		{AD5F5C57-C25A-45F4-A455-DCDDA64D1FDA}.Debug|x64.ActiveCfg = Debug|x64
		{AD5F5C57-C25A-45F4-A455-DCDDA64D1FDA}.Debug|x64.Build.0 = Debug|x64
		{AD5F5C57-C25A-45F4-A455-DCDDA64D1FDA}.Debug|x86.ActiveCfg = Debug|Win32
		{AD5F5C57-C25A-45F4-A455-DCDDA64D1FDA}.Debug|x86.Build.0 = Debug|Win32
		{AD5F5C57-C25A-45F4-A455-DCDDA64D1FDA}.Release|x64.ActiveCfg = Release|x64
		{AD5F5C57-C25A-45F4-A455-DCDDA64D1FDA}.Release|x64.Build.0 = Release|x64
		{AD5F5C57-C25A-45F4-A455-DCDDA64D1FDA}.Release|x86.ActiveCfg = Release|Win32
		{AD5F5C57-C25A-45F4-A455-DCDDA64D1FDA}.Release|x86.Build.0 = Release|Win32
		{5B6F9F4E-8045-4848-91DC-C67DA1AA64C3}.Debug|x64.ActiveCfg = Debug|x64
		{5B6F9F4E-8045-4848-91DC-C67DA1AA64C3}.Debug|x64.Build.0 = Debug|x64
		{5B6F9F4E-8045-4848-91DC-C67DA1AA64C3}.Debug|x86.ActiveCfg = Debug|Win32
		{5B6F9F4E-8045-4848-91DC-C67DA1AA64C3}.Debug|x86.Build.0 = Debug|Win32
		{5B6F9F4E-8045-4848-91DC-C67DA1AA64C3}.Release|x64.ActiveCfg = Release|x64
		{5B6F9F4E-8045-4848-91DC-C67DA1AA64C3}.Release|x64.Build.0 = Release|x64
		{5B6F9F4E-8045-4848-91DC-C67DA1AA64C3}.Release|x86.ActiveCfg = Release|Win32
		{5B6F9F4E-8045-4848-91DC-C67DA1AA64C3}.Release|x86.Build.0 = Release|Win32
		{71F0356F-23EB-42F0-B675-0643B19827FE}.Debug|x64.ActiveCfg = Debug|x64
		{71F0356F-23EB-42F0-B675-0643B19827FE}.Debug|x64.Build.0 = Debug|x64
		{71F0356F-23EB-42F0-B675-0643B19827FE}.Debug|x86.ActiveCfg = Debug|Win32
		{71F0356F-23EB-42F0-B675-0643B19827FE}.Debug|x86.Build.0 = Debug|Win32
		{71F0356F-23EB-42F0-B675-0643B19827FE}.Release|x64.ActiveCfg = Release|x64
		{71F0356F-23EB-42F0-B675-0643B19827FE}.Release|x64.Build.0 = Release|x64
		{71F0356F-23EB-42F0-B675-0643B19827FE}.Release|x86.ActiveCfg = Release|Win32
		{71F0356F-23EB-42F0-B675-0643B19827FE}.Release|x86.Build.0 = Release|Win32
	EndGlobalSection
	GlobalSection(SolutionProperties) = preSolution
		HideSolutionNode = FALSE
	EndGlobalSection
	GlobalSection(NestedProjects) = preSolution
		{1A361B2E-AA38-4F03-A780-C5C207D0C60C} = {13942FD0-316F-495E-B5FD-8D7B23F1C5E8}
		{48B21FB7-555B-428C-9062-334A3C61B859} = {13942FD0-316F-495E-B5FD-8D7B23F1C5E8}
		{CE16D082-1344-4B73-99BD-E73DF19C88B6} = {B1017C8B-5F94-4D76-9050-B5C7BEF1CF8C}
		{ACDA5FFE-B91B-4978-B124-FD02FBAAFCE3} = {B1017C8B-5F94-4D76-9050-B5C7BEF1CF8C}
		{EE0A8607-8DD6-4FDE-9975-022D6B33BC08} = {B1017C8B-5F94-4D76-9050-B5C7BEF1CF8C}
		{AD5F5C57-C25A-45F4-A455-DCDDA64D1FDA} = {EDCAD325-7325-4670-A73A-490FB05714FB}
		{5B6F9F4E-8045-4848-91DC-C67DA1AA64C3} = {EDCAD325-7325-4670-A73A-490FB05714FB}
		{71F0356F-23EB-42F0-B675-0643B19827FE} = {A3A86831-0F9C-455A-B185-286B96CCC8FD}
	EndGlobalSection
	GlobalSection(ExtensibilityGlobals) = postSolution
		SolutionGuid = {CEC88C8A-7677-4D62-8449-47283595343A}
	EndGlobalSection
EndGlobal
